// !$*UTF8*$!
{
	archiveVersion = 1;
	classes = {
	};
	objectVersion = 50;
	objects = {

/* Begin PBXBuildFile section */
		A682B8632656EF970015A426 /* NavigationJumper.swift in Sources */ = {isa = PBXBuildFile; fileRef = A682B8622656EF970015A426 /* NavigationJumper.swift */; };
		A682B87C2656F69F0015A426 /* NetworkHandler.swift in Sources */ = {isa = PBXBuildFile; fileRef = A682B87B2656F69F0015A426 /* NetworkHandler.swift */; };
		A682B8802656F95C0015A426 /* AsyncCallResult.swift in Sources */ = {isa = PBXBuildFile; fileRef = A682B87F2656F95C0015A426 /* AsyncCallResult.swift */; };
		A682B8C2265701790015A426 /* FavGalleryURL.swift in Sources */ = {isa = PBXBuildFile; fileRef = A682B8C1265701790015A426 /* FavGalleryURL.swift */; };
		A683C21C2656463E005B0E6A /* LaunchScreen.storyboard in Resources */ = {isa = PBXBuildFile; fileRef = A683C2062656463E005B0E6A /* LaunchScreen.storyboard */; };
		A683C21D2656463E005B0E6A /* Main.storyboard in Resources */ = {isa = PBXBuildFile; fileRef = A683C2082656463E005B0E6A /* Main.storyboard */; };
		A683C21E2656463E005B0E6A /* Storyboarded.swift in Sources */ = {isa = PBXBuildFile; fileRef = A683C20B2656463E005B0E6A /* Storyboarded.swift */; };
		A683C21F2656463E005B0E6A /* Coordinator.swift in Sources */ = {isa = PBXBuildFile; fileRef = A683C20C2656463E005B0E6A /* Coordinator.swift */; };
		A683C2202656463E005B0E6A /* AppDelegate.swift in Sources */ = {isa = PBXBuildFile; fileRef = A683C20D2656463E005B0E6A /* AppDelegate.swift */; };
		A683C2212656463E005B0E6A /* HomeViewController.swift in Sources */ = {isa = PBXBuildFile; fileRef = A683C2112656463E005B0E6A /* HomeViewController.swift */; };
		A683C2222656463E005B0E6A /* HomeCoordinator.swift in Sources */ = {isa = PBXBuildFile; fileRef = A683C2122656463E005B0E6A /* HomeCoordinator.swift */; };
		A683C2232656463E005B0E6A /* CameraViewController.swift in Sources */ = {isa = PBXBuildFile; fileRef = A683C2142656463E005B0E6A /* CameraViewController.swift */; };
		A683C2242656463E005B0E6A /* CameraCoordinator.swift in Sources */ = {isa = PBXBuildFile; fileRef = A683C2152656463E005B0E6A /* CameraCoordinator.swift */; };
		A683C2252656463E005B0E6A /* FavoriteViewController.swift in Sources */ = {isa = PBXBuildFile; fileRef = A683C2172656463E005B0E6A /* FavoriteViewController.swift */; };
		A683C2262656463E005B0E6A /* FavoriteCoordinator.swift in Sources */ = {isa = PBXBuildFile; fileRef = A683C2182656463E005B0E6A /* FavoriteCoordinator.swift */; };
		A683C2272656463E005B0E6A /* MainTabBarViewController.swift in Sources */ = {isa = PBXBuildFile; fileRef = A683C2192656463E005B0E6A /* MainTabBarViewController.swift */; };
		A683C2282656463E005B0E6A /* MainTabBarCoordinator.swift in Sources */ = {isa = PBXBuildFile; fileRef = A683C21A2656463E005B0E6A /* MainTabBarCoordinator.swift */; };
		A683C2292656463E005B0E6A /* SceneDelegate.swift in Sources */ = {isa = PBXBuildFile; fileRef = A683C21B2656463E005B0E6A /* SceneDelegate.swift */; };
		A6F7966226563A0400E9B0D8 /* FavGallery.xcdatamodeld in Sources */ = {isa = PBXBuildFile; fileRef = A6F7966026563A0400E9B0D8 /* FavGallery.xcdatamodeld */; };
		A6F7966426563A0400E9B0D8 /* Assets.xcassets in Resources */ = {isa = PBXBuildFile; fileRef = A6F7966326563A0400E9B0D8 /* Assets.xcassets */; };
/* End PBXBuildFile section */

/* Begin PBXFileReference section */
		A682B8622656EF970015A426 /* NavigationJumper.swift */ = {isa = PBXFileReference; lastKnownFileType = sourcecode.swift; path = NavigationJumper.swift; sourceTree = "<group>"; };
		A682B87B2656F69F0015A426 /* NetworkHandler.swift */ = {isa = PBXFileReference; lastKnownFileType = sourcecode.swift; path = NetworkHandler.swift; sourceTree = "<group>"; };
		A682B87F2656F95C0015A426 /* AsyncCallResult.swift */ = {isa = PBXFileReference; lastKnownFileType = sourcecode.swift; path = AsyncCallResult.swift; sourceTree = "<group>"; };
		A682B8C1265701790015A426 /* FavGalleryURL.swift */ = {isa = PBXFileReference; lastKnownFileType = sourcecode.swift; path = FavGalleryURL.swift; sourceTree = "<group>"; };
		A683C2072656463E005B0E6A /* Base */ = {isa = PBXFileReference; lastKnownFileType = file.storyboard; name = Base; path = Base.lproj/LaunchScreen.storyboard; sourceTree = "<group>"; };
		A683C2092656463E005B0E6A /* Base */ = {isa = PBXFileReference; lastKnownFileType = file.storyboard; name = Base; path = Base.lproj/Main.storyboard; sourceTree = "<group>"; };
		A683C20B2656463E005B0E6A /* Storyboarded.swift */ = {isa = PBXFileReference; fileEncoding = 4; lastKnownFileType = sourcecode.swift; path = Storyboarded.swift; sourceTree = "<group>"; };
		A683C20C2656463E005B0E6A /* Coordinator.swift */ = {isa = PBXFileReference; fileEncoding = 4; lastKnownFileType = sourcecode.swift; path = Coordinator.swift; sourceTree = "<group>"; };
		A683C20D2656463E005B0E6A /* AppDelegate.swift */ = {isa = PBXFileReference; fileEncoding = 4; lastKnownFileType = sourcecode.swift; path = AppDelegate.swift; sourceTree = "<group>"; };
		A683C2112656463E005B0E6A /* HomeViewController.swift */ = {isa = PBXFileReference; fileEncoding = 4; lastKnownFileType = sourcecode.swift; path = HomeViewController.swift; sourceTree = "<group>"; };
		A683C2122656463E005B0E6A /* HomeCoordinator.swift */ = {isa = PBXFileReference; fileEncoding = 4; lastKnownFileType = sourcecode.swift; path = HomeCoordinator.swift; sourceTree = "<group>"; };
		A683C2142656463E005B0E6A /* CameraViewController.swift */ = {isa = PBXFileReference; fileEncoding = 4; lastKnownFileType = sourcecode.swift; path = CameraViewController.swift; sourceTree = "<group>"; };
		A683C2152656463E005B0E6A /* CameraCoordinator.swift */ = {isa = PBXFileReference; fileEncoding = 4; lastKnownFileType = sourcecode.swift; path = CameraCoordinator.swift; sourceTree = "<group>"; };
		A683C2172656463E005B0E6A /* FavoriteViewController.swift */ = {isa = PBXFileReference; fileEncoding = 4; lastKnownFileType = sourcecode.swift; path = FavoriteViewController.swift; sourceTree = "<group>"; };
		A683C2182656463E005B0E6A /* FavoriteCoordinator.swift */ = {isa = PBXFileReference; fileEncoding = 4; lastKnownFileType = sourcecode.swift; path = FavoriteCoordinator.swift; sourceTree = "<group>"; };
		A683C2192656463E005B0E6A /* MainTabBarViewController.swift */ = {isa = PBXFileReference; fileEncoding = 4; lastKnownFileType = sourcecode.swift; path = MainTabBarViewController.swift; sourceTree = "<group>"; };
		A683C21A2656463E005B0E6A /* MainTabBarCoordinator.swift */ = {isa = PBXFileReference; fileEncoding = 4; lastKnownFileType = sourcecode.swift; path = MainTabBarCoordinator.swift; sourceTree = "<group>"; };
		A683C21B2656463E005B0E6A /* SceneDelegate.swift */ = {isa = PBXFileReference; fileEncoding = 4; lastKnownFileType = sourcecode.swift; path = SceneDelegate.swift; sourceTree = "<group>"; };
		A6F7965426563A0400E9B0D8 /* FavGallery.app */ = {isa = PBXFileReference; explicitFileType = wrapper.application; includeInIndex = 0; path = FavGallery.app; sourceTree = BUILT_PRODUCTS_DIR; };
		A6F7966126563A0400E9B0D8 /* FavGallery.xcdatamodel */ = {isa = PBXFileReference; lastKnownFileType = wrapper.xcdatamodel; path = FavGallery.xcdatamodel; sourceTree = "<group>"; };
		A6F7966326563A0400E9B0D8 /* Assets.xcassets */ = {isa = PBXFileReference; lastKnownFileType = folder.assetcatalog; path = Assets.xcassets; sourceTree = "<group>"; };
		A6F7966826563A0400E9B0D8 /* Info.plist */ = {isa = PBXFileReference; lastKnownFileType = text.plist.xml; path = Info.plist; sourceTree = "<group>"; };
/* End PBXFileReference section */

/* Begin PBXFrameworksBuildPhase section */
		A6F7965126563A0400E9B0D8 /* Frameworks */ = {
			isa = PBXFrameworksBuildPhase;
			buildActionMask = 2147483647;
			files = (
			);
			runOnlyForDeploymentPostprocessing = 0;
		};
/* End PBXFrameworksBuildPhase section */

/* Begin PBXGroup section */
		A682B87A2656F5B30015A426 /* Handlers */ = {
			isa = PBXGroup;
			children = (
				A682B87B2656F69F0015A426 /* NetworkHandler.swift */,
			);
			path = Handlers;
			sourceTree = "<group>";
		};
		A683C2042656463E005B0E6A /* Source */ = {
			isa = PBXGroup;
			children = (
				A682B87A2656F5B30015A426 /* Handlers */,
				A683C2052656463E005B0E6A /* Storyboards */,
				A683C20A2656463E005B0E6A /* Utilities */,
				A683C20D2656463E005B0E6A /* AppDelegate.swift */,
				A683C20E2656463E005B0E6A /* Controllers */,
				A683C21B2656463E005B0E6A /* SceneDelegate.swift */,
			);
			path = Source;
			sourceTree = "<group>";
		};
		A683C2052656463E005B0E6A /* Storyboards */ = {
			isa = PBXGroup;
			children = (
				A683C2062656463E005B0E6A /* LaunchScreen.storyboard */,
				A683C2082656463E005B0E6A /* Main.storyboard */,
			);
			path = Storyboards;
			sourceTree = "<group>";
		};
		A683C20A2656463E005B0E6A /* Utilities */ = {
			isa = PBXGroup;
			children = (
				A683C20B2656463E005B0E6A /* Storyboarded.swift */,
				A683C20C2656463E005B0E6A /* Coordinator.swift */,
				A682B8622656EF970015A426 /* NavigationJumper.swift */,
				A682B87F2656F95C0015A426 /* AsyncCallResult.swift */,
				A682B8C1265701790015A426 /* FavGalleryURL.swift */,
			);
			path = Utilities;
			sourceTree = "<group>";
		};
		A683C20E2656463E005B0E6A /* Controllers */ = {
			isa = PBXGroup;
			children = (
				A683C20F2656463E005B0E6A /* MainTabBar */,
			);
			path = Controllers;
			sourceTree = "<group>";
		};
		A683C20F2656463E005B0E6A /* MainTabBar */ = {
			isa = PBXGroup;
			children = (
				A683C2102656463E005B0E6A /* Home */,
				A683C2132656463E005B0E6A /* Camera */,
				A683C2162656463E005B0E6A /* Favorite */,
				A683C2192656463E005B0E6A /* MainTabBarViewController.swift */,
				A683C21A2656463E005B0E6A /* MainTabBarCoordinator.swift */,
			);
			path = MainTabBar;
			sourceTree = "<group>";
		};
		A683C2102656463E005B0E6A /* Home */ = {
			isa = PBXGroup;
			children = (
				A683C2112656463E005B0E6A /* HomeViewController.swift */,
				A683C2122656463E005B0E6A /* HomeCoordinator.swift */,
			);
			path = Home;
			sourceTree = "<group>";
		};
		A683C2132656463E005B0E6A /* Camera */ = {
			isa = PBXGroup;
			children = (
				A683C2142656463E005B0E6A /* CameraViewController.swift */,
				A683C2152656463E005B0E6A /* CameraCoordinator.swift */,
			);
			path = Camera;
			sourceTree = "<group>";
		};
		A683C2162656463E005B0E6A /* Favorite */ = {
			isa = PBXGroup;
			children = (
				A683C2172656463E005B0E6A /* FavoriteViewController.swift */,
				A683C2182656463E005B0E6A /* FavoriteCoordinator.swift */,
			);
			path = Favorite;
			sourceTree = "<group>";
		};
		A6F7964B26563A0400E9B0D8 = {
			isa = PBXGroup;
			children = (
				A6F7965626563A0400E9B0D8 /* FavGallery */,
				A6F7965526563A0400E9B0D8 /* Products */,
			);
			sourceTree = "<group>";
		};
		A6F7965526563A0400E9B0D8 /* Products */ = {
			isa = PBXGroup;
			children = (
				A6F7965426563A0400E9B0D8 /* FavGallery.app */,
			);
			name = Products;
			sourceTree = "<group>";
		};
		A6F7965626563A0400E9B0D8 /* FavGallery */ = {
			isa = PBXGroup;
			children = (
				A683C2042656463E005B0E6A /* Source */,
				A6F7966326563A0400E9B0D8 /* Assets.xcassets */,
				A6F7966826563A0400E9B0D8 /* Info.plist */,
				A6F7966026563A0400E9B0D8 /* FavGallery.xcdatamodeld */,
			);
			path = FavGallery;
			sourceTree = "<group>";
		};
/* End PBXGroup section */

/* Begin PBXNativeTarget section */
		A6F7965326563A0400E9B0D8 /* FavGallery */ = {
			isa = PBXNativeTarget;
			buildConfigurationList = A6F7966B26563A0400E9B0D8 /* Build configuration list for PBXNativeTarget "FavGallery" */;
			buildPhases = (
				A6F7965026563A0400E9B0D8 /* Sources */,
				A6F7965126563A0400E9B0D8 /* Frameworks */,
				A6F7965226563A0400E9B0D8 /* Resources */,
			);
			buildRules = (
			);
			dependencies = (
			);
			name = FavGallery;
			productName = FavGallery;
			productReference = A6F7965426563A0400E9B0D8 /* FavGallery.app */;
			productType = "com.apple.product-type.application";
		};
/* End PBXNativeTarget section */

/* Begin PBXProject section */
		A6F7964C26563A0400E9B0D8 /* Project object */ = {
			isa = PBXProject;
			attributes = {
				LastSwiftUpdateCheck = 1240;
				LastUpgradeCheck = 1240;
				TargetAttributes = {
					A6F7965326563A0400E9B0D8 = {
						CreatedOnToolsVersion = 12.4;
					};
				};
			};
			buildConfigurationList = A6F7964F26563A0400E9B0D8 /* Build configuration list for PBXProject "FavGallery" */;
			compatibilityVersion = "Xcode 9.3";
			developmentRegion = en;
			hasScannedForEncodings = 0;
			knownRegions = (
				en,
				Base,
			);
			mainGroup = A6F7964B26563A0400E9B0D8;
			productRefGroup = A6F7965526563A0400E9B0D8 /* Products */;
			projectDirPath = "";
			projectRoot = "";
			targets = (
				A6F7965326563A0400E9B0D8 /* FavGallery */,
			);
		};
/* End PBXProject section */

/* Begin PBXResourcesBuildPhase section */
		A6F7965226563A0400E9B0D8 /* Resources */ = {
			isa = PBXResourcesBuildPhase;
			buildActionMask = 2147483647;
			files = (
				A683C21D2656463E005B0E6A /* Main.storyboard in Resources */,
				A6F7966426563A0400E9B0D8 /* Assets.xcassets in Resources */,
				A683C21C2656463E005B0E6A /* LaunchScreen.storyboard in Resources */,
			);
			runOnlyForDeploymentPostprocessing = 0;
		};
/* End PBXResourcesBuildPhase section */

/* Begin PBXSourcesBuildPhase section */
		A6F7965026563A0400E9B0D8 /* Sources */ = {
			isa = PBXSourcesBuildPhase;
			buildActionMask = 2147483647;
			files = (
				A682B8632656EF970015A426 /* NavigationJumper.swift in Sources */,
				A683C2212656463E005B0E6A /* HomeViewController.swift in Sources */,
				A683C2202656463E005B0E6A /* AppDelegate.swift in Sources */,
				A6F7966226563A0400E9B0D8 /* FavGallery.xcdatamodeld in Sources */,
				A683C2282656463E005B0E6A /* MainTabBarCoordinator.swift in Sources */,
				A683C2272656463E005B0E6A /* MainTabBarViewController.swift in Sources */,
				A683C21E2656463E005B0E6A /* Storyboarded.swift in Sources */,
				A682B8C2265701790015A426 /* FavGalleryURL.swift in Sources */,
				A683C2252656463E005B0E6A /* FavoriteViewController.swift in Sources */,
				A682B87C2656F69F0015A426 /* NetworkHandler.swift in Sources */,
				A682B8802656F95C0015A426 /* AsyncCallResult.swift in Sources */,
				A683C2232656463E005B0E6A /* CameraViewController.swift in Sources */,
				A683C2292656463E005B0E6A /* SceneDelegate.swift in Sources */,
				A683C21F2656463E005B0E6A /* Coordinator.swift in Sources */,
				A683C2222656463E005B0E6A /* HomeCoordinator.swift in Sources */,
				A683C2262656463E005B0E6A /* FavoriteCoordinator.swift in Sources */,
				A683C2242656463E005B0E6A /* CameraCoordinator.swift in Sources */,
			);
			runOnlyForDeploymentPostprocessing = 0;
		};
/* End PBXSourcesBuildPhase section */

/* Begin PBXVariantGroup section */
		A683C2062656463E005B0E6A /* LaunchScreen.storyboard */ = {
			isa = PBXVariantGroup;
			children = (
				A683C2072656463E005B0E6A /* Base */,
			);
			name = LaunchScreen.storyboard;
			sourceTree = "<group>";
		};
		A683C2082656463E005B0E6A /* Main.storyboard */ = {
			isa = PBXVariantGroup;
			children = (
				A683C2092656463E005B0E6A /* Base */,
			);
			name = Main.storyboard;
			sourceTree = "<group>";
		};
/* End PBXVariantGroup section */

/* Begin XCBuildConfiguration section */
		A6F7966926563A0400E9B0D8 /* Debug */ = {
			isa = XCBuildConfiguration;
			buildSettings = {
				ALWAYS_SEARCH_USER_PATHS = NO;
				CLANG_ANALYZER_NONNULL = YES;
				CLANG_ANALYZER_NUMBER_OBJECT_CONVERSION = YES_AGGRESSIVE;
				CLANG_CXX_LANGUAGE_STANDARD = "gnu++14";
				CLANG_CXX_LIBRARY = "libc++";
				CLANG_ENABLE_MODULES = YES;
				CLANG_ENABLE_OBJC_ARC = YES;
				CLANG_ENABLE_OBJC_WEAK = YES;
				CLANG_WARN_BLOCK_CAPTURE_AUTORELEASING = YES;
				CLANG_WARN_BOOL_CONVERSION = YES;
				CLANG_WARN_COMMA = YES;
				CLANG_WARN_CONSTANT_CONVERSION = YES;
				CLANG_WARN_DEPRECATED_OBJC_IMPLEMENTATIONS = YES;
				CLANG_WARN_DIRECT_OBJC_ISA_USAGE = YES_ERROR;
				CLANG_WARN_DOCUMENTATION_COMMENTS = YES;
				CLANG_WARN_EMPTY_BODY = YES;
				CLANG_WARN_ENUM_CONVERSION = YES;
				CLANG_WARN_INFINITE_RECURSION = YES;
				CLANG_WARN_INT_CONVERSION = YES;
				CLANG_WARN_NON_LITERAL_NULL_CONVERSION = YES;
				CLANG_WARN_OBJC_IMPLICIT_RETAIN_SELF = YES;
				CLANG_WARN_OBJC_LITERAL_CONVERSION = YES;
				CLANG_WARN_OBJC_ROOT_CLASS = YES_ERROR;
				CLANG_WARN_QUOTED_INCLUDE_IN_FRAMEWORK_HEADER = YES;
				CLANG_WARN_RANGE_LOOP_ANALYSIS = YES;
				CLANG_WARN_STRICT_PROTOTYPES = YES;
				CLANG_WARN_SUSPICIOUS_MOVE = YES;
				CLANG_WARN_UNGUARDED_AVAILABILITY = YES_AGGRESSIVE;
				CLANG_WARN_UNREACHABLE_CODE = YES;
				CLANG_WARN__DUPLICATE_METHOD_MATCH = YES;
				COPY_PHASE_STRIP = NO;
				DEBUG_INFORMATION_FORMAT = dwarf;
				ENABLE_STRICT_OBJC_MSGSEND = YES;
				ENABLE_TESTABILITY = YES;
				GCC_C_LANGUAGE_STANDARD = gnu11;
				GCC_DYNAMIC_NO_PIC = NO;
				GCC_NO_COMMON_BLOCKS = YES;
				GCC_OPTIMIZATION_LEVEL = 0;
				GCC_PREPROCESSOR_DEFINITIONS = (
					"DEBUG=1",
					"$(inherited)",
				);
				GCC_WARN_64_TO_32_BIT_CONVERSION = YES;
				GCC_WARN_ABOUT_RETURN_TYPE = YES_ERROR;
				GCC_WARN_UNDECLARED_SELECTOR = YES;
				GCC_WARN_UNINITIALIZED_AUTOS = YES_AGGRESSIVE;
				GCC_WARN_UNUSED_FUNCTION = YES;
				GCC_WARN_UNUSED_VARIABLE = YES;
				IPHONEOS_DEPLOYMENT_TARGET = 14.4;
				MTL_ENABLE_DEBUG_INFO = INCLUDE_SOURCE;
				MTL_FAST_MATH = YES;
				ONLY_ACTIVE_ARCH = YES;
				SDKROOT = iphoneos;
				SWIFT_ACTIVE_COMPILATION_CONDITIONS = DEBUG;
				SWIFT_OPTIMIZATION_LEVEL = "-Onone";
			};
			name = Debug;
		};
		A6F7966A26563A0400E9B0D8 /* Release */ = {
			isa = XCBuildConfiguration;
			buildSettings = {
				ALWAYS_SEARCH_USER_PATHS = NO;
				CLANG_ANALYZER_NONNULL = YES;
				CLANG_ANALYZER_NUMBER_OBJECT_CONVERSION = YES_AGGRESSIVE;
				CLANG_CXX_LANGUAGE_STANDARD = "gnu++14";
				CLANG_CXX_LIBRARY = "libc++";
				CLANG_ENABLE_MODULES = YES;
				CLANG_ENABLE_OBJC_ARC = YES;
				CLANG_ENABLE_OBJC_WEAK = YES;
				CLANG_WARN_BLOCK_CAPTURE_AUTORELEASING = YES;
				CLANG_WARN_BOOL_CONVERSION = YES;
				CLANG_WARN_COMMA = YES;
				CLANG_WARN_CONSTANT_CONVERSION = YES;
				CLANG_WARN_DEPRECATED_OBJC_IMPLEMENTATIONS = YES;
				CLANG_WARN_DIRECT_OBJC_ISA_USAGE = YES_ERROR;
				CLANG_WARN_DOCUMENTATION_COMMENTS = YES;
				CLANG_WARN_EMPTY_BODY = YES;
				CLANG_WARN_ENUM_CONVERSION = YES;
				CLANG_WARN_INFINITE_RECURSION = YES;
				CLANG_WARN_INT_CONVERSION = YES;
				CLANG_WARN_NON_LITERAL_NULL_CONVERSION = YES;
				CLANG_WARN_OBJC_IMPLICIT_RETAIN_SELF = YES;
				CLANG_WARN_OBJC_LITERAL_CONVERSION = YES;
				CLANG_WARN_OBJC_ROOT_CLASS = YES_ERROR;
				CLANG_WARN_QUOTED_INCLUDE_IN_FRAMEWORK_HEADER = YES;
				CLANG_WARN_RANGE_LOOP_ANALYSIS = YES;
				CLANG_WARN_STRICT_PROTOTYPES = YES;
				CLANG_WARN_SUSPICIOUS_MOVE = YES;
				CLANG_WARN_UNGUARDED_AVAILABILITY = YES_AGGRESSIVE;
				CLANG_WARN_UNREACHABLE_CODE = YES;
				CLANG_WARN__DUPLICATE_METHOD_MATCH = YES;
				COPY_PHASE_STRIP = NO;
				DEBUG_INFORMATION_FORMAT = "dwarf-with-dsym";
				ENABLE_NS_ASSERTIONS = NO;
				ENABLE_STRICT_OBJC_MSGSEND = YES;
				GCC_C_LANGUAGE_STANDARD = gnu11;
				GCC_NO_COMMON_BLOCKS = YES;
				GCC_WARN_64_TO_32_BIT_CONVERSION = YES;
				GCC_WARN_ABOUT_RETURN_TYPE = YES_ERROR;
				GCC_WARN_UNDECLARED_SELECTOR = YES;
				GCC_WARN_UNINITIALIZED_AUTOS = YES_AGGRESSIVE;
				GCC_WARN_UNUSED_FUNCTION = YES;
				GCC_WARN_UNUSED_VARIABLE = YES;
				IPHONEOS_DEPLOYMENT_TARGET = 14.4;
				MTL_ENABLE_DEBUG_INFO = NO;
				MTL_FAST_MATH = YES;
				SDKROOT = iphoneos;
				SWIFT_COMPILATION_MODE = wholemodule;
				SWIFT_OPTIMIZATION_LEVEL = "-O";
				VALIDATE_PRODUCT = YES;
			};
			name = Release;
		};
		A6F7966C26563A0400E9B0D8 /* Debug */ = {
			isa = XCBuildConfiguration;
			buildSettings = {
				ASSETCATALOG_COMPILER_APPICON_NAME = AppIcon;
				ASSETCATALOG_COMPILER_GLOBAL_ACCENT_COLOR_NAME = AccentColor;
				CODE_SIGN_STYLE = Automatic;
				DEVELOPMENT_TEAM = K5Z5W6U93R;
				INFOPLIST_FILE = FavGallery/Info.plist;
				LD_RUNPATH_SEARCH_PATHS = (
					"$(inherited)",
					"@executable_path/Frameworks",
				);
				PRODUCT_BUNDLE_IDENTIFIER = Lamborghini.FavGallery;
				PRODUCT_NAME = "$(TARGET_NAME)";
				SWIFT_VERSION = 5.0;
				TARGETED_DEVICE_FAMILY = "1,2";
			};
			name = Debug;
		};
		A6F7966D26563A0400E9B0D8 /* Release */ = {
			isa = XCBuildConfiguration;
			buildSettings = {
				ASSETCATALOG_COMPILER_APPICON_NAME = AppIcon;
				ASSETCATALOG_COMPILER_GLOBAL_ACCENT_COLOR_NAME = AccentColor;
				CODE_SIGN_STYLE = Automatic;
				DEVELOPMENT_TEAM = K5Z5W6U93R;
				INFOPLIST_FILE = FavGallery/Info.plist;
				LD_RUNPATH_SEARCH_PATHS = (
					"$(inherited)",
					"@executable_path/Frameworks",
				);
				PRODUCT_BUNDLE_IDENTIFIER = Lamborghini.FavGallery;
				PRODUCT_NAME = "$(TARGET_NAME)";
				SWIFT_VERSION = 5.0;
				TARGETED_DEVICE_FAMILY = "1,2";
			};
			name = Release;
		};
/* End XCBuildConfiguration section */

/* Begin XCConfigurationList section */
		A6F7964F26563A0400E9B0D8 /* Build configuration list for PBXProject "FavGallery" */ = {
			isa = XCConfigurationList;
			buildConfigurations = (
				A6F7966926563A0400E9B0D8 /* Debug */,
				A6F7966A26563A0400E9B0D8 /* Release */,
			);
			defaultConfigurationIsVisible = 0;
			defaultConfigurationName = Release;
		};
		A6F7966B26563A0400E9B0D8 /* Build configuration list for PBXNativeTarget "FavGallery" */ = {
			isa = XCConfigurationList;
			buildConfigurations = (
				A6F7966C26563A0400E9B0D8 /* Debug */,
				A6F7966D26563A0400E9B0D8 /* Release */,
			);
			defaultConfigurationIsVisible = 0;
			defaultConfigurationName = Release;
		};
/* End XCConfigurationList section */

/* Begin XCVersionGroup section */
		A6F7966026563A0400E9B0D8 /* FavGallery.xcdatamodeld */ = {
			isa = XCVersionGroup;
			children = (
				A6F7966126563A0400E9B0D8 /* FavGallery.xcdatamodel */,
			);
			currentVersion = A6F7966126563A0400E9B0D8 /* FavGallery.xcdatamodel */;
			path = FavGallery.xcdatamodeld;
			sourceTree = "<group>";
			versionGroupType = wrapper.xcdatamodel;
		};
/* End XCVersionGroup section */
	};
	rootObject = A6F7964C26563A0400E9B0D8 /* Project object */;
}
